
Microsoft Visual Studio Solution File, Format Version 12.00
# Visual Studio Version 16
VisualStudioVersion = 16.0.30128.74
MinimumVisualStudioVersion = 10.0.40219.1
Project("{9A19103F-16F7-4668-BE54-9A1E7A4F7556}") = "TodoMvc", "TodoMvc.csproj", "{F404739C-8C3E-40C0-B6B8-468DBC5F909F}"
EndProject
Global
	GlobalSection(SolutionConfigurationPlatforms) = preSolution
		Debug|Any CPU = Debug|Any CPU
		Release|Any CPU = Release|Any CPU
	EndGlobalSection
	GlobalSection(ProjectConfigurationPlatforms) = postSolution
		{F404739C-8C3E-40C0-B6B8-468DBC5F909F}.Debug|Any CPU.ActiveCfg = Debug|Any CPU
		{F404739C-8C3E-40C0-B6B8-468DBC5F909F}.Debug|Any CPU.Build.0 = Debug|Any CPU
		{F404739C-8C3E-40C0-B6B8-468DBC5F909F}.Release|Any CPU.ActiveCfg = Release|Any CPU
		{F404739C-8C3E-40C0-B6B8-468DBC5F909F}.Release|Any CPU.Build.0 = Release|Any CPU
	EndGlobalSection
	GlobalSection(SolutionProperties) = preSolution
		HideSolutionNode = FALSE
	EndGlobalSection
	GlobalSection(ExtensibilityGlobals) = postSolution
		SolutionGuid = {DC1C3C1A-153F-47F6-BE98-E17FEEF664D3}
	EndGlobalSection
EndGlobal
